
Microsoft Visual Studio Solution File, Format Version 12.00
# Visual Studio Version 16
VisualStudioVersion = 16.0.31624.102
MinimumVisualStudioVersion = 10.0.40219.1
Project("{FAE04EC0-301F-11D3-BF4B-00C04F79EFBC}") = "Aitoheiwa", "Aitoheiwa\Aitoheiwa.csproj", "{FD2C54DB-8416-494B-919C-D35D5F105499}"
EndProject
Global
	GlobalSection(SolutionConfigurationPlatforms) = preSolution
		Debug|Any CPU = Debug|Any CPU
		Release|Any CPU = Release|Any CPU
	EndGlobalSection
	GlobalSection(ProjectConfigurationPlatforms) = postSolution
		{FD2C54DB-8416-494B-919C-D35D5F105499}.Debug|Any CPU.ActiveCfg = Debug|Any CPU
		{FD2C54DB-8416-494B-919C-D35D5F105499}.Debug|Any CPU.Build.0 = Debug|Any CPU
		{FD2C54DB-8416-494B-919C-D35D5F105499}.Release|Any CPU.ActiveCfg = Release|Any CPU
		{FD2C54DB-8416-494B-919C-D35D5F105499}.Release|Any CPU.Build.0 = Release|Any CPU
	EndGlobalSection
	GlobalSection(SolutionProperties) = preSolution
		HideSolutionNode = FALSE
	EndGlobalSection
	GlobalSection(ExtensibilityGlobals) = postSolution
		SolutionGuid = {52655026-0E9C-4D46-AD8D-922B9D694264}
	EndGlobalSection
EndGlobal
